
Microsoft Visual Studio Solution File, Format Version 12.00
# Visual Studio Version 16
VisualStudioVersion = 16.0.29306.81
MinimumVisualStudioVersion = 10.0.40219.1
Project("{FAE04EC0-301F-11D3-BF4B-00C04F79EFBC}") = "TavernApi", "TavernApi\TavernApi.csproj", "{72A4667E-DE6E-497C-968D-368DB5DD0F58}"
EndProject
Global
	GlobalSection(SolutionConfigurationPlatforms) = preSolution
		Debug|Any CPU = Debug|Any CPU
		Release|Any CPU = Release|Any CPU
	EndGlobalSection
	GlobalSection(ProjectConfigurationPlatforms) = postSolution
		{72A4667E-DE6E-497C-968D-368DB5DD0F58}.Debug|Any CPU.ActiveCfg = Debug|Any CPU
		{72A4667E-DE6E-497C-968D-368DB5DD0F58}.Debug|Any CPU.Build.0 = Debug|Any CPU
		{72A4667E-DE6E-497C-968D-368DB5DD0F58}.Release|Any CPU.ActiveCfg = Release|Any CPU
		{72A4667E-DE6E-497C-968D-368DB5DD0F58}.Release|Any CPU.Build.0 = Release|Any CPU
	EndGlobalSection
	GlobalSection(SolutionProperties) = preSolution
		HideSolutionNode = FALSE
	EndGlobalSection
	GlobalSection(ExtensibilityGlobals) = postSolution
		SolutionGuid = {66A143B8-BA49-48E9-829A-2554A9A999BC}
	EndGlobalSection
EndGlobal
