
Microsoft Visual Studio Solution File, Format Version 12.00
# Visual Studio Version 16
VisualStudioVersion = 16.0.29306.81
MinimumVisualStudioVersion = 10.0.40219.1
Project("{FAE04EC0-301F-11D3-BF4B-00C04F79EFBC}") = "TavernApi", "TavernApi\TavernApi.csproj", "{89B1A542-76C9-49B6-823B-EB6F0AF613FF}"
EndProject
Global
	GlobalSection(SolutionConfigurationPlatforms) = preSolution
		Debug|Any CPU = Debug|Any CPU
		Release|Any CPU = Release|Any CPU
	EndGlobalSection
	GlobalSection(ProjectConfigurationPlatforms) = postSolution
		{89B1A542-76C9-49B6-823B-EB6F0AF613FF}.Debug|Any CPU.ActiveCfg = Debug|Any CPU
		{89B1A542-76C9-49B6-823B-EB6F0AF613FF}.Debug|Any CPU.Build.0 = Debug|Any CPU
		{89B1A542-76C9-49B6-823B-EB6F0AF613FF}.Release|Any CPU.ActiveCfg = Release|Any CPU
		{89B1A542-76C9-49B6-823B-EB6F0AF613FF}.Release|Any CPU.Build.0 = Release|Any CPU
	EndGlobalSection
	GlobalSection(SolutionProperties) = preSolution
		HideSolutionNode = FALSE
	EndGlobalSection
	GlobalSection(ExtensibilityGlobals) = postSolution
		SolutionGuid = {FF29F442-6146-4118-A2B8-912E6479DA17}
	EndGlobalSection
EndGlobal
